// !$*UTF8*$!
{
	archiveVersion = 1;
	classes = {
	};
	objectVersion = 56;
	objects = {

/* Begin PBXBuildFile section */
		006EB1942C7F804C00A63EAA /* ReportChatApp.swift in Sources */ = {isa = PBXBuildFile; fileRef = 006EB1932C7F804C00A63EAA /* ReportChatApp.swift */; };
		006EB1962C7F804C00A63EAA /* ContentView.swift in Sources */ = {isa = PBXBuildFile; fileRef = 006EB1952C7F804C00A63EAA /* ContentView.swift */; };
		006EB1982C7F804E00A63EAA /* Assets.xcassets in Resources */ = {isa = PBXBuildFile; fileRef = 006EB1972C7F804E00A63EAA /* Assets.xcassets */; };
		006EB19B2C7F804E00A63EAA /* Preview Assets.xcassets in Resources */ = {isa = PBXBuildFile; fileRef = 006EB19A2C7F804E00A63EAA /* Preview Assets.xcassets */; };
		00EB78622C8B58F900BEEEAA /* View+Extensions.swift in Sources */ = {isa = PBXBuildFile; fileRef = 00EB78612C8B58F900BEEEAA /* View+Extensions.swift */; };
		00EB78642C8B5AB300BEEEAA /* ErrorHandling.swift in Sources */ = {isa = PBXBuildFile; fileRef = 00EB78632C8B5AB300BEEEAA /* ErrorHandling.swift */; };
		00EB786A2C8F3D4100BEEEAA /* CapsuleButton.swift in Sources */ = {isa = PBXBuildFile; fileRef = 00EB78692C8F3D4100BEEEAA /* CapsuleButton.swift */; };
		00EB786E2C980AD100BEEEAA /* HomeView.swift in Sources */ = {isa = PBXBuildFile; fileRef = 00EB786D2C980AD100BEEEAA /* HomeView.swift */; };
		00EB78702C980C5900BEEEAA /* RoomsView.swift in Sources */ = {isa = PBXBuildFile; fileRef = 00EB786F2C980C5900BEEEAA /* RoomsView.swift */; };
		00EB78742C980EA500BEEEAA /* RoomResponse.swift in Sources */ = {isa = PBXBuildFile; fileRef = 00EB78732C980EA500BEEEAA /* RoomResponse.swift */; };
		00EB78762C980EE500BEEEAA /* UserResponse.swift in Sources */ = {isa = PBXBuildFile; fileRef = 00EB78752C980EE500BEEEAA /* UserResponse.swift */; };
		00F7BE122C80B63F00E0CB5C /* LoginView.swift in Sources */ = {isa = PBXBuildFile; fileRef = 00F7BE112C80B63F00E0CB5C /* LoginView.swift */; };
		00F7BE152C80B8D800E0CB5C /* InputFormView.swift in Sources */ = {isa = PBXBuildFile; fileRef = 00F7BE142C80B8D800E0CB5C /* InputFormView.swift */; };
		00F7BE372C82216C00E0CB5C /* SwiftUIFontIcon in Frameworks */ = {isa = PBXBuildFile; productRef = 00F7BE362C82216C00E0CB5C /* SwiftUIFontIcon */; };
		00F7BE392C8222DF00E0CB5C /* TabView.swift in Sources */ = {isa = PBXBuildFile; fileRef = 00F7BE382C8222DF00E0CB5C /* TabView.swift */; };
		00F7BE3B2C832EDC00E0CB5C /* GoogleService-Info.plist in Resources */ = {isa = PBXBuildFile; fileRef = 00F7BE3A2C832EDC00E0CB5C /* GoogleService-Info.plist */; };
		00F7BE462C835AF600E0CB5C /* FirebaseAuth in Frameworks */ = {isa = PBXBuildFile; productRef = 00F7BE452C835AF600E0CB5C /* FirebaseAuth */; };
		00F7BE482C835AF600E0CB5C /* FirebaseFirestore in Frameworks */ = {isa = PBXBuildFile; productRef = 00F7BE472C835AF600E0CB5C /* FirebaseFirestore */; };
		00F7BE4A2C835AF600E0CB5C /* FirebaseStorage in Frameworks */ = {isa = PBXBuildFile; productRef = 00F7BE492C835AF600E0CB5C /* FirebaseStorage */; };
		00F7BE4D2C835B9200E0CB5C /* FirebaseManager.swift in Sources */ = {isa = PBXBuildFile; fileRef = 00F7BE4C2C835B9200E0CB5C /* FirebaseManager.swift */; };
		00F7BE4F2C83747500E0CB5C /* LoginViewModel.swift in Sources */ = {isa = PBXBuildFile; fileRef = 00F7BE4E2C83747500E0CB5C /* LoginViewModel.swift */; };
		00F7BE512C83764300E0CB5C /* AuthModel.swift in Sources */ = {isa = PBXBuildFile; fileRef = 00F7BE502C83764300E0CB5C /* AuthModel.swift */; };
		00F7BE542C8392E200E0CB5C /* FirebaseError.swift in Sources */ = {isa = PBXBuildFile; fileRef = 00F7BE532C8392E200E0CB5C /* FirebaseError.swift */; };
/* End PBXBuildFile section */

/* Begin PBXFileReference section */
		006EB1902C7F804C00A63EAA /* ReportChat.app */ = {isa = PBXFileReference; explicitFileType = wrapper.application; includeInIndex = 0; path = ReportChat.app; sourceTree = BUILT_PRODUCTS_DIR; };
		006EB1932C7F804C00A63EAA /* ReportChatApp.swift */ = {isa = PBXFileReference; lastKnownFileType = sourcecode.swift; path = ReportChatApp.swift; sourceTree = "<group>"; };
		006EB1952C7F804C00A63EAA /* ContentView.swift */ = {isa = PBXFileReference; lastKnownFileType = sourcecode.swift; path = ContentView.swift; sourceTree = "<group>"; };
		006EB1972C7F804E00A63EAA /* Assets.xcassets */ = {isa = PBXFileReference; lastKnownFileType = folder.assetcatalog; path = Assets.xcassets; sourceTree = "<group>"; };
		006EB19A2C7F804E00A63EAA /* Preview Assets.xcassets */ = {isa = PBXFileReference; lastKnownFileType = folder.assetcatalog; path = "Preview Assets.xcassets"; sourceTree = "<group>"; };
		00EB78612C8B58F900BEEEAA /* View+Extensions.swift */ = {isa = PBXFileReference; lastKnownFileType = sourcecode.swift; path = "View+Extensions.swift"; sourceTree = "<group>"; };
		00EB78632C8B5AB300BEEEAA /* ErrorHandling.swift */ = {isa = PBXFileReference; lastKnownFileType = sourcecode.swift; path = ErrorHandling.swift; sourceTree = "<group>"; };
		00EB78692C8F3D4100BEEEAA /* CapsuleButton.swift */ = {isa = PBXFileReference; lastKnownFileType = sourcecode.swift; path = CapsuleButton.swift; sourceTree = "<group>"; };
		00EB786D2C980AD100BEEEAA /* HomeView.swift */ = {isa = PBXFileReference; lastKnownFileType = sourcecode.swift; path = HomeView.swift; sourceTree = "<group>"; };
		00EB786F2C980C5900BEEEAA /* RoomsView.swift */ = {isa = PBXFileReference; lastKnownFileType = sourcecode.swift; path = RoomsView.swift; sourceTree = "<group>"; };
		00EB78732C980EA500BEEEAA /* RoomResponse.swift */ = {isa = PBXFileReference; lastKnownFileType = sourcecode.swift; path = RoomResponse.swift; sourceTree = "<group>"; };
		00EB78752C980EE500BEEEAA /* UserResponse.swift */ = {isa = PBXFileReference; lastKnownFileType = sourcecode.swift; path = UserResponse.swift; sourceTree = "<group>"; };
		00F7BE112C80B63F00E0CB5C /* LoginView.swift */ = {isa = PBXFileReference; lastKnownFileType = sourcecode.swift; path = LoginView.swift; sourceTree = "<group>"; };
		00F7BE142C80B8D800E0CB5C /* InputFormView.swift */ = {isa = PBXFileReference; lastKnownFileType = sourcecode.swift; path = InputFormView.swift; sourceTree = "<group>"; };
		00F7BE382C8222DF00E0CB5C /* TabView.swift */ = {isa = PBXFileReference; lastKnownFileType = sourcecode.swift; path = TabView.swift; sourceTree = "<group>"; };
		00F7BE3A2C832EDC00E0CB5C /* GoogleService-Info.plist */ = {isa = PBXFileReference; fileEncoding = 4; lastKnownFileType = text.plist.xml; path = "GoogleService-Info.plist"; sourceTree = "<group>"; };
		00F7BE4C2C835B9200E0CB5C /* FirebaseManager.swift */ = {isa = PBXFileReference; lastKnownFileType = sourcecode.swift; path = FirebaseManager.swift; sourceTree = "<group>"; };
		00F7BE4E2C83747500E0CB5C /* LoginViewModel.swift */ = {isa = PBXFileReference; lastKnownFileType = sourcecode.swift; path = LoginViewModel.swift; sourceTree = "<group>"; };
		00F7BE502C83764300E0CB5C /* AuthModel.swift */ = {isa = PBXFileReference; lastKnownFileType = sourcecode.swift; path = AuthModel.swift; sourceTree = "<group>"; };
		00F7BE532C8392E200E0CB5C /* FirebaseError.swift */ = {isa = PBXFileReference; lastKnownFileType = sourcecode.swift; path = FirebaseError.swift; sourceTree = "<group>"; };
/* End PBXFileReference section */

/* Begin PBXFrameworksBuildPhase section */
		006EB18D2C7F804C00A63EAA /* Frameworks */ = {
			isa = PBXFrameworksBuildPhase;
			buildActionMask = 2147483647;
			files = (
				00F7BE372C82216C00E0CB5C /* SwiftUIFontIcon in Frameworks */,
				00F7BE4A2C835AF600E0CB5C /* FirebaseStorage in Frameworks */,
				00F7BE462C835AF600E0CB5C /* FirebaseAuth in Frameworks */,
				00F7BE482C835AF600E0CB5C /* FirebaseFirestore in Frameworks */,
			);
			runOnlyForDeploymentPostprocessing = 0;
		};
/* End PBXFrameworksBuildPhase section */

/* Begin PBXGroup section */
		006EB1872C7F804C00A63EAA = {
			isa = PBXGroup;
			children = (
				006EB1922C7F804C00A63EAA /* ReportChat */,
				006EB1912C7F804C00A63EAA /* Products */,
			);
			sourceTree = "<group>";
		};
		006EB1912C7F804C00A63EAA /* Products */ = {
			isa = PBXGroup;
			children = (
				006EB1902C7F804C00A63EAA /* ReportChat.app */,
			);
			name = Products;
			sourceTree = "<group>";
		};
		006EB1922C7F804C00A63EAA /* ReportChat */ = {
			isa = PBXGroup;
			children = (
				00EB78712C980E7B00BEEEAA /* Models */,
				006EB1932C7F804C00A63EAA /* ReportChatApp.swift */,
				00EB78602C8B567000BEEEAA /* Extensions */,
				006EB1952C7F804C00A63EAA /* ContentView.swift */,
				00F7BE4B2C835B6800E0CB5C /* Firebase */,
				00F7BE3A2C832EDC00E0CB5C /* GoogleService-Info.plist */,
				00F7BE0F2C80B56800E0CB5C /* Screens */,
				00F7BE132C80B8A800E0CB5C /* ViewParts */,
				00F7BE522C83924600E0CB5C /* Helper */,
				006EB1972C7F804E00A63EAA /* Assets.xcassets */,
				006EB1992C7F804E00A63EAA /* Preview Content */,
			);
			path = ReportChat;
			sourceTree = "<group>";
		};
		006EB1992C7F804E00A63EAA /* Preview Content */ = {
			isa = PBXGroup;
			children = (
				006EB19A2C7F804E00A63EAA /* Preview Assets.xcassets */,
			);
			path = "Preview Content";
			sourceTree = "<group>";
		};
		00EB78602C8B567000BEEEAA /* Extensions */ = {
			isa = PBXGroup;
			children = (
				00EB78612C8B58F900BEEEAA /* View+Extensions.swift */,
			);
			path = Extensions;
			sourceTree = "<group>";
		};
		00EB786B2C980A1000BEEEAA /* Home */ = {
			isa = PBXGroup;
			children = (
				00EB786D2C980AD100BEEEAA /* HomeView.swift */,
			);
			path = Home;
			sourceTree = "<group>";
		};
		00EB786C2C980A1B00BEEEAA /* Rooms */ = {
			isa = PBXGroup;
			children = (
				00EB786F2C980C5900BEEEAA /* RoomsView.swift */,
			);
			path = Rooms;
			sourceTree = "<group>";
		};
		00EB78712C980E7B00BEEEAA /* Models */ = {
			isa = PBXGroup;
			children = (
				00EB78732C980EA500BEEEAA /* RoomResponse.swift */,
				00EB78752C980EE500BEEEAA /* UserResponse.swift */,
			);
			path = Models;
			sourceTree = "<group>";
		};
		00F7BE0F2C80B56800E0CB5C /* Screens */ = {
			isa = PBXGroup;
			children = (
				00EB786C2C980A1B00BEEEAA /* Rooms */,
				00EB786B2C980A1000BEEEAA /* Home */,
				00F7BE102C80B5D200E0CB5C /* Login */,
			);
			path = Screens;
			sourceTree = "<group>";
		};
		00F7BE102C80B5D200E0CB5C /* Login */ = {
			isa = PBXGroup;
			children = (
				00F7BE112C80B63F00E0CB5C /* LoginView.swift */,
				00F7BE4E2C83747500E0CB5C /* LoginViewModel.swift */,
			);
			path = Login;
			sourceTree = "<group>";
		};
		00F7BE132C80B8A800E0CB5C /* ViewParts */ = {
			isa = PBXGroup;
			children = (
				00F7BE142C80B8D800E0CB5C /* InputFormView.swift */,
				00F7BE382C8222DF00E0CB5C /* TabView.swift */,
				00EB78692C8F3D4100BEEEAA /* CapsuleButton.swift */,
			);
			path = ViewParts;
			sourceTree = "<group>";
		};
		00F7BE4B2C835B6800E0CB5C /* Firebase */ = {
			isa = PBXGroup;
			children = (
				00F7BE4C2C835B9200E0CB5C /* FirebaseManager.swift */,
				00F7BE502C83764300E0CB5C /* AuthModel.swift */,
				00F7BE532C8392E200E0CB5C /* FirebaseError.swift */,
			);
			path = Firebase;
			sourceTree = "<group>";
		};
		00F7BE522C83924600E0CB5C /* Helper */ = {
			isa = PBXGroup;
			children = (
				00EB78632C8B5AB300BEEEAA /* ErrorHandling.swift */,
			);
			path = Helper;
			sourceTree = "<group>";
		};
/* End PBXGroup section */

/* Begin PBXNativeTarget section */
		006EB18F2C7F804C00A63EAA /* ReportChat */ = {
			isa = PBXNativeTarget;
			buildConfigurationList = 006EB19E2C7F804E00A63EAA /* Build configuration list for PBXNativeTarget "ReportChat" */;
			buildPhases = (
				006EB18C2C7F804C00A63EAA /* Sources */,
				006EB18D2C7F804C00A63EAA /* Frameworks */,
				006EB18E2C7F804C00A63EAA /* Resources */,
			);
			buildRules = (
			);
			dependencies = (
			);
			name = ReportChat;
			packageProductDependencies = (
				00F7BE362C82216C00E0CB5C /* SwiftUIFontIcon */,
				00F7BE452C835AF600E0CB5C /* FirebaseAuth */,
				00F7BE472C835AF600E0CB5C /* FirebaseFirestore */,
				00F7BE492C835AF600E0CB5C /* FirebaseStorage */,
			);
			productName = ReportChat;
			productReference = 006EB1902C7F804C00A63EAA /* ReportChat.app */;
			productType = "com.apple.product-type.application";
		};
/* End PBXNativeTarget section */

/* Begin PBXProject section */
		006EB1882C7F804C00A63EAA /* Project object */ = {
			isa = PBXProject;
			attributes = {
				BuildIndependentTargetsInParallel = 1;
				LastSwiftUpdateCheck = 1530;
				LastUpgradeCheck = 1530;
				TargetAttributes = {
					006EB18F2C7F804C00A63EAA = {
						CreatedOnToolsVersion = 15.3;
					};
				};
			};
			buildConfigurationList = 006EB18B2C7F804C00A63EAA /* Build configuration list for PBXProject "ReportChat" */;
			compatibilityVersion = "Xcode 14.0";
			developmentRegion = ja;
			hasScannedForEncodings = 0;
			knownRegions = (
				en,
				Base,
				ja,
			);
			mainGroup = 006EB1872C7F804C00A63EAA;
			packageReferences = (
				00F7BE352C82216B00E0CB5C /* XCRemoteSwiftPackageReference "SwiftUIFontIcon" */,
				00F7BE442C835AF600E0CB5C /* XCRemoteSwiftPackageReference "firebase-ios-sdk" */,
			);
			productRefGroup = 006EB1912C7F804C00A63EAA /* Products */;
			projectDirPath = "";
			projectRoot = "";
			targets = (
				006EB18F2C7F804C00A63EAA /* ReportChat */,
			);
		};
/* End PBXProject section */

/* Begin PBXResourcesBuildPhase section */
		006EB18E2C7F804C00A63EAA /* Resources */ = {
			isa = PBXResourcesBuildPhase;
			buildActionMask = 2147483647;
			files = (
				006EB19B2C7F804E00A63EAA /* Preview Assets.xcassets in Resources */,
				006EB1982C7F804E00A63EAA /* Assets.xcassets in Resources */,
				00F7BE3B2C832EDC00E0CB5C /* GoogleService-Info.plist in Resources */,
			);
			runOnlyForDeploymentPostprocessing = 0;
		};
/* End PBXResourcesBuildPhase section */

/* Begin PBXSourcesBuildPhase section */
		006EB18C2C7F804C00A63EAA /* Sources */ = {
			isa = PBXSourcesBuildPhase;
			buildActionMask = 2147483647;
			files = (
				00F7BE542C8392E200E0CB5C /* FirebaseError.swift in Sources */,
				00F7BE4D2C835B9200E0CB5C /* FirebaseManager.swift in Sources */,
				00EB786E2C980AD100BEEEAA /* HomeView.swift in Sources */,
				00F7BE392C8222DF00E0CB5C /* TabView.swift in Sources */,
				00F7BE122C80B63F00E0CB5C /* LoginView.swift in Sources */,
				00F7BE152C80B8D800E0CB5C /* InputFormView.swift in Sources */,
				006EB1962C7F804C00A63EAA /* ContentView.swift in Sources */,
				00EB78642C8B5AB300BEEEAA /* ErrorHandling.swift in Sources */,
				00EB786A2C8F3D4100BEEEAA /* CapsuleButton.swift in Sources */,
				00F7BE512C83764300E0CB5C /* AuthModel.swift in Sources */,
				006EB1942C7F804C00A63EAA /* ReportChatApp.swift in Sources */,
				00EB78762C980EE500BEEEAA /* UserResponse.swift in Sources */,
				00EB78702C980C5900BEEEAA /* RoomsView.swift in Sources */,
				00EB78622C8B58F900BEEEAA /* View+Extensions.swift in Sources */,
				00EB78742C980EA500BEEEAA /* RoomResponse.swift in Sources */,
				00F7BE4F2C83747500E0CB5C /* LoginViewModel.swift in Sources */,
			);
			runOnlyForDeploymentPostprocessing = 0;
		};
/* End PBXSourcesBuildPhase section */

/* Begin XCBuildConfiguration section */
		006EB19C2C7F804E00A63EAA /* Debug */ = {
			isa = XCBuildConfiguration;
			buildSettings = {
				ALWAYS_SEARCH_USER_PATHS = NO;
				ASSETCATALOG_COMPILER_GENERATE_SWIFT_ASSET_SYMBOL_EXTENSIONS = YES;
				CLANG_ANALYZER_NONNULL = YES;
				CLANG_ANALYZER_NUMBER_OBJECT_CONVERSION = YES_AGGRESSIVE;
				CLANG_CXX_LANGUAGE_STANDARD = "gnu++20";
				CLANG_ENABLE_MODULES = YES;
				CLANG_ENABLE_OBJC_ARC = YES;
				CLANG_ENABLE_OBJC_WEAK = YES;
				CLANG_WARN_BLOCK_CAPTURE_AUTORELEASING = YES;
				CLANG_WARN_BOOL_CONVERSION = YES;
				CLANG_WARN_COMMA = YES;
				CLANG_WARN_CONSTANT_CONVERSION = YES;
				CLANG_WARN_DEPRECATED_OBJC_IMPLEMENTATIONS = YES;
				CLANG_WARN_DIRECT_OBJC_ISA_USAGE = YES_ERROR;
				CLANG_WARN_DOCUMENTATION_COMMENTS = YES;
				CLANG_WARN_EMPTY_BODY = YES;
				CLANG_WARN_ENUM_CONVERSION = YES;
				CLANG_WARN_INFINITE_RECURSION = YES;
				CLANG_WARN_INT_CONVERSION = YES;
				CLANG_WARN_NON_LITERAL_NULL_CONVERSION = YES;
				CLANG_WARN_OBJC_IMPLICIT_RETAIN_SELF = YES;
				CLANG_WARN_OBJC_LITERAL_CONVERSION = YES;
				CLANG_WARN_OBJC_ROOT_CLASS = YES_ERROR;
				CLANG_WARN_QUOTED_INCLUDE_IN_FRAMEWORK_HEADER = YES;
				CLANG_WARN_RANGE_LOOP_ANALYSIS = YES;
				CLANG_WARN_STRICT_PROTOTYPES = YES;
				CLANG_WARN_SUSPICIOUS_MOVE = YES;
				CLANG_WARN_UNGUARDED_AVAILABILITY = YES_AGGRESSIVE;
				CLANG_WARN_UNREACHABLE_CODE = YES;
				CLANG_WARN__DUPLICATE_METHOD_MATCH = YES;
				COPY_PHASE_STRIP = NO;
				DEBUG_INFORMATION_FORMAT = dwarf;
				ENABLE_STRICT_OBJC_MSGSEND = YES;
				ENABLE_TESTABILITY = YES;
				ENABLE_USER_SCRIPT_SANDBOXING = YES;
				GCC_C_LANGUAGE_STANDARD = gnu17;
				GCC_DYNAMIC_NO_PIC = NO;
				GCC_NO_COMMON_BLOCKS = YES;
				GCC_OPTIMIZATION_LEVEL = 0;
				GCC_PREPROCESSOR_DEFINITIONS = (
					"DEBUG=1",
					"$(inherited)",
				);
				GCC_WARN_64_TO_32_BIT_CONVERSION = YES;
				GCC_WARN_ABOUT_RETURN_TYPE = YES_ERROR;
				GCC_WARN_UNDECLARED_SELECTOR = YES;
				GCC_WARN_UNINITIALIZED_AUTOS = YES_AGGRESSIVE;
				GCC_WARN_UNUSED_FUNCTION = YES;
				GCC_WARN_UNUSED_VARIABLE = YES;
				IPHONEOS_DEPLOYMENT_TARGET = 17.4;
				LOCALIZATION_PREFERS_STRING_CATALOGS = YES;
				MTL_ENABLE_DEBUG_INFO = INCLUDE_SOURCE;
				MTL_FAST_MATH = YES;
				ONLY_ACTIVE_ARCH = YES;
				SDKROOT = iphoneos;
				SWIFT_ACTIVE_COMPILATION_CONDITIONS = "DEBUG $(inherited)";
				SWIFT_OPTIMIZATION_LEVEL = "-Onone";
			};
			name = Debug;
		};
		006EB19D2C7F804E00A63EAA /* Release */ = {
			isa = XCBuildConfiguration;
			buildSettings = {
				ALWAYS_SEARCH_USER_PATHS = NO;
				ASSETCATALOG_COMPILER_GENERATE_SWIFT_ASSET_SYMBOL_EXTENSIONS = YES;
				CLANG_ANALYZER_NONNULL = YES;
				CLANG_ANALYZER_NUMBER_OBJECT_CONVERSION = YES_AGGRESSIVE;
				CLANG_CXX_LANGUAGE_STANDARD = "gnu++20";
				CLANG_ENABLE_MODULES = YES;
				CLANG_ENABLE_OBJC_ARC = YES;
				CLANG_ENABLE_OBJC_WEAK = YES;
				CLANG_WARN_BLOCK_CAPTURE_AUTORELEASING = YES;
				CLANG_WARN_BOOL_CONVERSION = YES;
				CLANG_WARN_COMMA = YES;
				CLANG_WARN_CONSTANT_CONVERSION = YES;
				CLANG_WARN_DEPRECATED_OBJC_IMPLEMENTATIONS = YES;
				CLANG_WARN_DIRECT_OBJC_ISA_USAGE = YES_ERROR;
				CLANG_WARN_DOCUMENTATION_COMMENTS = YES;
				CLANG_WARN_EMPTY_BODY = YES;
				CLANG_WARN_ENUM_CONVERSION = YES;
				CLANG_WARN_INFINITE_RECURSION = YES;
				CLANG_WARN_INT_CONVERSION = YES;
				CLANG_WARN_NON_LITERAL_NULL_CONVERSION = YES;
				CLANG_WARN_OBJC_IMPLICIT_RETAIN_SELF = YES;
				CLANG_WARN_OBJC_LITERAL_CONVERSION = YES;
				CLANG_WARN_OBJC_ROOT_CLASS = YES_ERROR;
				CLANG_WARN_QUOTED_INCLUDE_IN_FRAMEWORK_HEADER = YES;
				CLANG_WARN_RANGE_LOOP_ANALYSIS = YES;
				CLANG_WARN_STRICT_PROTOTYPES = YES;
				CLANG_WARN_SUSPICIOUS_MOVE = YES;
				CLANG_WARN_UNGUARDED_AVAILABILITY = YES_AGGRESSIVE;
				CLANG_WARN_UNREACHABLE_CODE = YES;
				CLANG_WARN__DUPLICATE_METHOD_MATCH = YES;
				COPY_PHASE_STRIP = NO;
				DEBUG_INFORMATION_FORMAT = "dwarf-with-dsym";
				ENABLE_NS_ASSERTIONS = NO;
				ENABLE_STRICT_OBJC_MSGSEND = YES;
				ENABLE_USER_SCRIPT_SANDBOXING = YES;
				GCC_C_LANGUAGE_STANDARD = gnu17;
				GCC_NO_COMMON_BLOCKS = YES;
				GCC_WARN_64_TO_32_BIT_CONVERSION = YES;
				GCC_WARN_ABOUT_RETURN_TYPE = YES_ERROR;
				GCC_WARN_UNDECLARED_SELECTOR = YES;
				GCC_WARN_UNINITIALIZED_AUTOS = YES_AGGRESSIVE;
				GCC_WARN_UNUSED_FUNCTION = YES;
				GCC_WARN_UNUSED_VARIABLE = YES;
				IPHONEOS_DEPLOYMENT_TARGET = 17.4;
				LOCALIZATION_PREFERS_STRING_CATALOGS = YES;
				MTL_ENABLE_DEBUG_INFO = NO;
				MTL_FAST_MATH = YES;
				SDKROOT = iphoneos;
				SWIFT_COMPILATION_MODE = wholemodule;
				VALIDATE_PRODUCT = YES;
			};
			name = Release;
		};
		006EB19F2C7F804E00A63EAA /* Debug */ = {
			isa = XCBuildConfiguration;
			buildSettings = {
				ASSETCATALOG_COMPILER_APPICON_NAME = AppIcon;
				ASSETCATALOG_COMPILER_GLOBAL_ACCENT_COLOR_NAME = AccentColor;
				CODE_SIGN_STYLE = Automatic;
				CURRENT_PROJECT_VERSION = 1;
				DEVELOPMENT_ASSET_PATHS = "\"ReportChat/Preview Content\"";
				DEVELOPMENT_TEAM = T9UM9Z6XFV;
				ENABLE_PREVIEWS = YES;
				GENERATE_INFOPLIST_FILE = YES;
				INFOPLIST_KEY_UIApplicationSceneManifest_Generation = YES;
				INFOPLIST_KEY_UIApplicationSupportsIndirectInputEvents = YES;
				INFOPLIST_KEY_UILaunchScreen_Generation = YES;
				INFOPLIST_KEY_UISupportedInterfaceOrientations_iPad = "UIInterfaceOrientationPortrait UIInterfaceOrientationPortraitUpsideDown UIInterfaceOrientationLandscapeLeft UIInterfaceOrientationLandscapeRight";
				INFOPLIST_KEY_UISupportedInterfaceOrientations_iPhone = "UIInterfaceOrientationPortrait UIInterfaceOrientationLandscapeLeft UIInterfaceOrientationLandscapeRight";
				IPHONEOS_DEPLOYMENT_TARGET = 17.0;
				LD_RUNPATH_SEARCH_PATHS = (
					"$(inherited)",
					"@executable_path/Frameworks",
				);
				MARKETING_VERSION = 1.0;
				PRODUCT_BUNDLE_IDENTIFIER = com.sattsat.reportchat;
				PRODUCT_NAME = "$(TARGET_NAME)";
				SWIFT_EMIT_LOC_STRINGS = YES;
				SWIFT_VERSION = 5.0;
				TARGETED_DEVICE_FAMILY = "1,2";
			};
			name = Debug;
		};
		006EB1A02C7F804E00A63EAA /* Release */ = {
			isa = XCBuildConfiguration;
			buildSettings = {
				ASSETCATALOG_COMPILER_APPICON_NAME = AppIcon;
				ASSETCATALOG_COMPILER_GLOBAL_ACCENT_COLOR_NAME = AccentColor;
				CODE_SIGN_STYLE = Automatic;
				CURRENT_PROJECT_VERSION = 1;
				DEVELOPMENT_ASSET_PATHS = "\"ReportChat/Preview Content\"";
				DEVELOPMENT_TEAM = T9UM9Z6XFV;
				ENABLE_PREVIEWS = YES;
				GENERATE_INFOPLIST_FILE = YES;
				INFOPLIST_KEY_UIApplicationSceneManifest_Generation = YES;
				INFOPLIST_KEY_UIApplicationSupportsIndirectInputEvents = YES;
				INFOPLIST_KEY_UILaunchScreen_Generation = YES;
				INFOPLIST_KEY_UISupportedInterfaceOrientations_iPad = "UIInterfaceOrientationPortrait UIInterfaceOrientationPortraitUpsideDown UIInterfaceOrientationLandscapeLeft UIInterfaceOrientationLandscapeRight";
				INFOPLIST_KEY_UISupportedInterfaceOrientations_iPhone = "UIInterfaceOrientationPortrait UIInterfaceOrientationLandscapeLeft UIInterfaceOrientationLandscapeRight";
				IPHONEOS_DEPLOYMENT_TARGET = 17.0;
				LD_RUNPATH_SEARCH_PATHS = (
					"$(inherited)",
					"@executable_path/Frameworks",
				);
				MARKETING_VERSION = 1.0;
				PRODUCT_BUNDLE_IDENTIFIER = com.sattsat.reportchat;
				PRODUCT_NAME = "$(TARGET_NAME)";
				SWIFT_EMIT_LOC_STRINGS = YES;
				SWIFT_VERSION = 5.0;
				TARGETED_DEVICE_FAMILY = "1,2";
			};
			name = Release;
		};
/* End XCBuildConfiguration section */

/* Begin XCConfigurationList section */
		006EB18B2C7F804C00A63EAA /* Build configuration list for PBXProject "ReportChat" */ = {
			isa = XCConfigurationList;
			buildConfigurations = (
				006EB19C2C7F804E00A63EAA /* Debug */,
				006EB19D2C7F804E00A63EAA /* Release */,
			);
			defaultConfigurationIsVisible = 0;
			defaultConfigurationName = Release;
		};
		006EB19E2C7F804E00A63EAA /* Build configuration list for PBXNativeTarget "ReportChat" */ = {
			isa = XCConfigurationList;
			buildConfigurations = (
				006EB19F2C7F804E00A63EAA /* Debug */,
				006EB1A02C7F804E00A63EAA /* Release */,
			);
			defaultConfigurationIsVisible = 0;
			defaultConfigurationName = Release;
		};
/* End XCConfigurationList section */

/* Begin XCRemoteSwiftPackageReference section */
		00F7BE352C82216B00E0CB5C /* XCRemoteSwiftPackageReference "SwiftUIFontIcon" */ = {
			isa = XCRemoteSwiftPackageReference;
			repositoryURL = "https://github.com/huybuidac/SwiftUIFontIcon";
			requirement = {
				kind = upToNextMajorVersion;
				minimumVersion = 2.1.0;
			};
		};
		00F7BE442C835AF600E0CB5C /* XCRemoteSwiftPackageReference "firebase-ios-sdk" */ = {
			isa = XCRemoteSwiftPackageReference;
			repositoryURL = "https://github.com/firebase/firebase-ios-sdk";
			requirement = {
				kind = upToNextMajorVersion;
				minimumVersion = 11.1.0;
			};
		};
/* End XCRemoteSwiftPackageReference section */

/* Begin XCSwiftPackageProductDependency section */
		00F7BE362C82216C00E0CB5C /* SwiftUIFontIcon */ = {
			isa = XCSwiftPackageProductDependency;
			package = 00F7BE352C82216B00E0CB5C /* XCRemoteSwiftPackageReference "SwiftUIFontIcon" */;
			productName = SwiftUIFontIcon;
		};
		00F7BE452C835AF600E0CB5C /* FirebaseAuth */ = {
			isa = XCSwiftPackageProductDependency;
			package = 00F7BE442C835AF600E0CB5C /* XCRemoteSwiftPackageReference "firebase-ios-sdk" */;
			productName = FirebaseAuth;
		};
		00F7BE472C835AF600E0CB5C /* FirebaseFirestore */ = {
			isa = XCSwiftPackageProductDependency;
			package = 00F7BE442C835AF600E0CB5C /* XCRemoteSwiftPackageReference "firebase-ios-sdk" */;
			productName = FirebaseFirestore;
		};
		00F7BE492C835AF600E0CB5C /* FirebaseStorage */ = {
			isa = XCSwiftPackageProductDependency;
			package = 00F7BE442C835AF600E0CB5C /* XCRemoteSwiftPackageReference "firebase-ios-sdk" */;
			productName = FirebaseStorage;
		};
/* End XCSwiftPackageProductDependency section */
	};
	rootObject = 006EB1882C7F804C00A63EAA /* Project object */;
}
