// !$*UTF8*$!
{
	archiveVersion = 1;
	classes = {
	};
	objectVersion = 56;
	objects = {

/* Begin PBXBuildFile section */
		006EB1942C7F804C00A63EAA /* ReportChatApp.swift in Sources */ = {isa = PBXBuildFile; fileRef = 006EB1932C7F804C00A63EAA /* ReportChatApp.swift */; };
		006EB1962C7F804C00A63EAA /* ContentView.swift in Sources */ = {isa = PBXBuildFile; fileRef = 006EB1952C7F804C00A63EAA /* ContentView.swift */; };
		006EB1982C7F804E00A63EAA /* Assets.xcassets in Resources */ = {isa = PBXBuildFile; fileRef = 006EB1972C7F804E00A63EAA /* Assets.xcassets */; };
		006EB19B2C7F804E00A63EAA /* Preview Assets.xcassets in Resources */ = {isa = PBXBuildFile; fileRef = 006EB19A2C7F804E00A63EAA /* Preview Assets.xcassets */; };
		008346A42CB2E988001ADAD2 /* String+Extensions.swift in Sources */ = {isa = PBXBuildFile; fileRef = 008346A32CB2E988001ADAD2 /* String+Extensions.swift */; };
		008346CC2CB90ECF001ADAD2 /* UserManager.swift in Sources */ = {isa = PBXBuildFile; fileRef = 008346CB2CB90ECF001ADAD2 /* UserManager.swift */; };
		008346CE2CB97E4E001ADAD2 /* HomeViewModel.swift in Sources */ = {isa = PBXBuildFile; fileRef = 008346CD2CB97E4E001ADAD2 /* HomeViewModel.swift */; };
		008346D02CBA1155001ADAD2 /* CachedImage.swift in Sources */ = {isa = PBXBuildFile; fileRef = 008346CF2CBA1155001ADAD2 /* CachedImage.swift */; };
		0091042B2CA313AB00F1AA54 /* ToggleCell.swift in Sources */ = {isa = PBXBuildFile; fileRef = 0091042A2CA313AB00F1AA54 /* ToggleCell.swift */; };
		009104312CA3ABD200F1AA54 /* SafariCell.swift in Sources */ = {isa = PBXBuildFile; fileRef = 009104302CA3ABD200F1AA54 /* SafariCell.swift */; };
		009104332CA3AF0A00F1AA54 /* SafariWebView.swift in Sources */ = {isa = PBXBuildFile; fileRef = 009104322CA3AF0A00F1AA54 /* SafariWebView.swift */; };
		009104352CA3C77900F1AA54 /* SettingsView.swift in Sources */ = {isa = PBXBuildFile; fileRef = 009104342CA3C77900F1AA54 /* SettingsView.swift */; };
		009104372CA3CFFC00F1AA54 /* SectionCell.swift in Sources */ = {isa = PBXBuildFile; fileRef = 009104362CA3CFFC00F1AA54 /* SectionCell.swift */; };
		009104392CA3D9B300F1AA54 /* SettingsResource.swift in Sources */ = {isa = PBXBuildFile; fileRef = 009104382CA3D9B300F1AA54 /* SettingsResource.swift */; };
		0091043B2CA3DC4400F1AA54 /* SettingModel.swift in Sources */ = {isa = PBXBuildFile; fileRef = 0091043A2CA3DC4400F1AA54 /* SettingModel.swift */; };
		0091043D2CA3F91400F1AA54 /* PickerCell.swift in Sources */ = {isa = PBXBuildFile; fileRef = 0091043C2CA3F91400F1AA54 /* PickerCell.swift */; };
		009104412CA43C3100F1AA54 /* UserDefaultsManager.swift in Sources */ = {isa = PBXBuildFile; fileRef = 009104402CA43C3100F1AA54 /* UserDefaultsManager.swift */; };
		009104442CA53D3800F1AA54 /* ProfileDetailView.swift in Sources */ = {isa = PBXBuildFile; fileRef = 009104432CA53D3800F1AA54 /* ProfileDetailView.swift */; };
		009104472CA5593200F1AA54 /* ProfileViewModel.swift in Sources */ = {isa = PBXBuildFile; fileRef = 009104462CA5593200F1AA54 /* ProfileViewModel.swift */; };
		0091046A2CA674F400F1AA54 /* LoadingView.swift in Sources */ = {isa = PBXBuildFile; fileRef = 009104692CA674F400F1AA54 /* LoadingView.swift */; };
		0091046C2CA67FD300F1AA54 /* UIApplication+Extension.swift in Sources */ = {isa = PBXBuildFile; fileRef = 0091046B2CA67FD300F1AA54 /* UIApplication+Extension.swift */; };
		0091046E2CA6928200F1AA54 /* ToastView.swift in Sources */ = {isa = PBXBuildFile; fileRef = 0091046D2CA6928200F1AA54 /* ToastView.swift */; };
		009104742CA6C47000F1AA54 /* ModalView.swift in Sources */ = {isa = PBXBuildFile; fileRef = 009104732CA6C47000F1AA54 /* ModalView.swift */; };
		009104762CA6C57C00F1AA54 /* OverlayModel.swift in Sources */ = {isa = PBXBuildFile; fileRef = 009104752CA6C57C00F1AA54 /* OverlayModel.swift */; };
		0096C64A2CAD05E100C6FD42 /* WelcomeSettingsView.swift in Sources */ = {isa = PBXBuildFile; fileRef = 0096C6492CAD05E000C6FD42 /* WelcomeSettingsView.swift */; };
		00D6F2FA2CAAA923008841E6 /* WelcomeView.swift in Sources */ = {isa = PBXBuildFile; fileRef = 00D6F2F92CAAA923008841E6 /* WelcomeView.swift */; };
		00D6F2FC2CAAAFE2008841E6 /* WelcomeViewModel.swift in Sources */ = {isa = PBXBuildFile; fileRef = 00D6F2FB2CAAAFE2008841E6 /* WelcomeViewModel.swift */; };
		00D6F2FE2CAAE541008841E6 /* RegisterView.swift in Sources */ = {isa = PBXBuildFile; fileRef = 00D6F2FD2CAAE541008841E6 /* RegisterView.swift */; };
		00D6F3002CAAEF01008841E6 /* PhotoPickerView.swift in Sources */ = {isa = PBXBuildFile; fileRef = 00D6F2FF2CAAEF01008841E6 /* PhotoPickerView.swift */; };
		00D6F3022CAAF925008841E6 /* WelcomeSwitchView.swift in Sources */ = {isa = PBXBuildFile; fileRef = 00D6F3012CAAF925008841E6 /* WelcomeSwitchView.swift */; };
		00D6F3042CAAFCC6008841E6 /* BackButtonView.swift in Sources */ = {isa = PBXBuildFile; fileRef = 00D6F3032CAAFCC6008841E6 /* BackButtonView.swift */; };
		00EB78622C8B58F900BEEEAA /* View+Extensions.swift in Sources */ = {isa = PBXBuildFile; fileRef = 00EB78612C8B58F900BEEEAA /* View+Extensions.swift */; };
		00EB78642C8B5AB300BEEEAA /* ErrorHandling.swift in Sources */ = {isa = PBXBuildFile; fileRef = 00EB78632C8B5AB300BEEEAA /* ErrorHandling.swift */; };
		00EB786A2C8F3D4100BEEEAA /* CapsuleButton.swift in Sources */ = {isa = PBXBuildFile; fileRef = 00EB78692C8F3D4100BEEEAA /* CapsuleButton.swift */; };
		00EB786E2C980AD100BEEEAA /* HomeView.swift in Sources */ = {isa = PBXBuildFile; fileRef = 00EB786D2C980AD100BEEEAA /* HomeView.swift */; };
		00EB78702C980C5900BEEEAA /* RoomsView.swift in Sources */ = {isa = PBXBuildFile; fileRef = 00EB786F2C980C5900BEEEAA /* RoomsView.swift */; };
		00EB78742C980EA500BEEEAA /* RoomResponse.swift in Sources */ = {isa = PBXBuildFile; fileRef = 00EB78732C980EA500BEEEAA /* RoomResponse.swift */; };
		00EB78762C980EE500BEEEAA /* UserResponse.swift in Sources */ = {isa = PBXBuildFile; fileRef = 00EB78752C980EE500BEEEAA /* UserResponse.swift */; };
		00EB78792C9814B600BEEEAA /* SplashView.swift in Sources */ = {isa = PBXBuildFile; fileRef = 00EB78782C9814B600BEEEAA /* SplashView.swift */; };
		00EB787E2C981F6300BEEEAA /* MyPageView.swift in Sources */ = {isa = PBXBuildFile; fileRef = 00EB787D2C981F6300BEEEAA /* MyPageView.swift */; };
		00EB78822C987BC100BEEEAA /* RoomsViewModel.swift in Sources */ = {isa = PBXBuildFile; fileRef = 00EB78812C987BC100BEEEAA /* RoomsViewModel.swift */; };
		00EB78842C994DE700BEEEAA /* RoomCell.swift in Sources */ = {isa = PBXBuildFile; fileRef = 00EB78832C994DE700BEEEAA /* RoomCell.swift */; };
		00EB78892C9AAECF00BEEEAA /* RoomViewModel.swift in Sources */ = {isa = PBXBuildFile; fileRef = 00EB78882C9AAECF00BEEEAA /* RoomViewModel.swift */; };
		00EB788B2C9ABBD600BEEEAA /* IconImageView.swift in Sources */ = {isa = PBXBuildFile; fileRef = 00EB788A2C9ABBD500BEEEAA /* IconImageView.swift */; };
		00EB788E2C9B254E00BEEEAA /* MessagesView.swift in Sources */ = {isa = PBXBuildFile; fileRef = 00EB788D2C9B254E00BEEEAA /* MessagesView.swift */; };
		00EB78902C9B29DE00BEEEAA /* MessageResponse.swift in Sources */ = {isa = PBXBuildFile; fileRef = 00EB788F2C9B29DE00BEEEAA /* MessageResponse.swift */; };
		00EB78932C9B327400BEEEAA /* ContentViewModel.swift in Sources */ = {isa = PBXBuildFile; fileRef = 00EB78922C9B327400BEEEAA /* ContentViewModel.swift */; };
		00EB78952C9B9E9600BEEEAA /* UIImage+Extensions.swift in Sources */ = {isa = PBXBuildFile; fileRef = 00EB78942C9B9E9600BEEEAA /* UIImage+Extensions.swift */; };
		00EB78972C9BE58200BEEEAA /* MessageCell.swift in Sources */ = {isa = PBXBuildFile; fileRef = 00EB78962C9BE58200BEEEAA /* MessageCell.swift */; };
		00EB78992C9BE5FB00BEEEAA /* Date+Extensions.swift in Sources */ = {isa = PBXBuildFile; fileRef = 00EB78982C9BE5FB00BEEEAA /* Date+Extensions.swift */; };
		00EB78B92C9D562900BEEEAA /* AutoResizingTextEditor.swift in Sources */ = {isa = PBXBuildFile; fileRef = 00EB78B82C9D562900BEEEAA /* AutoResizingTextEditor.swift */; };
		00EB78BB2C9D694600BEEEAA /* ResignKeyboardOnDragGesture.swift in Sources */ = {isa = PBXBuildFile; fileRef = 00EB78BA2C9D694600BEEEAA /* ResignKeyboardOnDragGesture.swift */; };
		00F7BE122C80B63F00E0CB5C /* LoginView.swift in Sources */ = {isa = PBXBuildFile; fileRef = 00F7BE112C80B63F00E0CB5C /* LoginView.swift */; };
		00F7BE152C80B8D800E0CB5C /* InputFormView.swift in Sources */ = {isa = PBXBuildFile; fileRef = 00F7BE142C80B8D800E0CB5C /* InputFormView.swift */; };
		00F7BE372C82216C00E0CB5C /* SwiftUIFontIcon in Frameworks */ = {isa = PBXBuildFile; productRef = 00F7BE362C82216C00E0CB5C /* SwiftUIFontIcon */; };
		00F7BE392C8222DF00E0CB5C /* CustomTabView.swift in Sources */ = {isa = PBXBuildFile; fileRef = 00F7BE382C8222DF00E0CB5C /* CustomTabView.swift */; };
		00F7BE3B2C832EDC00E0CB5C /* GoogleService-Info.plist in Resources */ = {isa = PBXBuildFile; fileRef = 00F7BE3A2C832EDC00E0CB5C /* GoogleService-Info.plist */; };
		00F7BE462C835AF600E0CB5C /* FirebaseAuth in Frameworks */ = {isa = PBXBuildFile; productRef = 00F7BE452C835AF600E0CB5C /* FirebaseAuth */; };
		00F7BE482C835AF600E0CB5C /* FirebaseFirestore in Frameworks */ = {isa = PBXBuildFile; productRef = 00F7BE472C835AF600E0CB5C /* FirebaseFirestore */; };
		00F7BE4A2C835AF600E0CB5C /* FirebaseStorage in Frameworks */ = {isa = PBXBuildFile; productRef = 00F7BE492C835AF600E0CB5C /* FirebaseStorage */; };
		00F7BE4D2C835B9200E0CB5C /* FirebaseManager.swift in Sources */ = {isa = PBXBuildFile; fileRef = 00F7BE4C2C835B9200E0CB5C /* FirebaseManager.swift */; };
		00F7BE542C8392E200E0CB5C /* FirebaseError.swift in Sources */ = {isa = PBXBuildFile; fileRef = 00F7BE532C8392E200E0CB5C /* FirebaseError.swift */; };
		00FA5C1F2CA2BD0300301A1B /* CustomNavCell.swift in Sources */ = {isa = PBXBuildFile; fileRef = 00FA5C1E2CA2BD0300301A1B /* CustomNavCell.swift */; };
		00FA5C222CA2CB2000301A1B /* HiddenModifier.swift in Sources */ = {isa = PBXBuildFile; fileRef = 00FA5C212CA2CB2000301A1B /* HiddenModifier.swift */; };
/* End PBXBuildFile section */

/* Begin PBXFileReference section */
		006EB1902C7F804C00A63EAA /* ReportChat.app */ = {isa = PBXFileReference; explicitFileType = wrapper.application; includeInIndex = 0; path = ReportChat.app; sourceTree = BUILT_PRODUCTS_DIR; };
		006EB1932C7F804C00A63EAA /* ReportChatApp.swift */ = {isa = PBXFileReference; lastKnownFileType = sourcecode.swift; path = ReportChatApp.swift; sourceTree = "<group>"; };
		006EB1952C7F804C00A63EAA /* ContentView.swift */ = {isa = PBXFileReference; lastKnownFileType = sourcecode.swift; path = ContentView.swift; sourceTree = "<group>"; };
		006EB1972C7F804E00A63EAA /* Assets.xcassets */ = {isa = PBXFileReference; lastKnownFileType = folder.assetcatalog; path = Assets.xcassets; sourceTree = "<group>"; };
		006EB19A2C7F804E00A63EAA /* Preview Assets.xcassets */ = {isa = PBXFileReference; lastKnownFileType = folder.assetcatalog; path = "Preview Assets.xcassets"; sourceTree = "<group>"; };
		008346A32CB2E988001ADAD2 /* String+Extensions.swift */ = {isa = PBXFileReference; lastKnownFileType = sourcecode.swift; path = "String+Extensions.swift"; sourceTree = "<group>"; };
		008346CB2CB90ECF001ADAD2 /* UserManager.swift */ = {isa = PBXFileReference; lastKnownFileType = sourcecode.swift; path = UserManager.swift; sourceTree = "<group>"; };
		008346CD2CB97E4E001ADAD2 /* HomeViewModel.swift */ = {isa = PBXFileReference; lastKnownFileType = sourcecode.swift; path = HomeViewModel.swift; sourceTree = "<group>"; };
		008346CF2CBA1155001ADAD2 /* CachedImage.swift */ = {isa = PBXFileReference; lastKnownFileType = sourcecode.swift; path = CachedImage.swift; sourceTree = "<group>"; };
		0091042A2CA313AB00F1AA54 /* ToggleCell.swift */ = {isa = PBXFileReference; lastKnownFileType = sourcecode.swift; path = ToggleCell.swift; sourceTree = "<group>"; };
		009104302CA3ABD200F1AA54 /* SafariCell.swift */ = {isa = PBXFileReference; lastKnownFileType = sourcecode.swift; path = SafariCell.swift; sourceTree = "<group>"; };
		009104322CA3AF0A00F1AA54 /* SafariWebView.swift */ = {isa = PBXFileReference; lastKnownFileType = sourcecode.swift; path = SafariWebView.swift; sourceTree = "<group>"; };
		009104342CA3C77900F1AA54 /* SettingsView.swift */ = {isa = PBXFileReference; lastKnownFileType = sourcecode.swift; path = SettingsView.swift; sourceTree = "<group>"; };
		009104362CA3CFFC00F1AA54 /* SectionCell.swift */ = {isa = PBXFileReference; lastKnownFileType = sourcecode.swift; path = SectionCell.swift; sourceTree = "<group>"; };
		009104382CA3D9B300F1AA54 /* SettingsResource.swift */ = {isa = PBXFileReference; lastKnownFileType = sourcecode.swift; path = SettingsResource.swift; sourceTree = "<group>"; };
		0091043A2CA3DC4400F1AA54 /* SettingModel.swift */ = {isa = PBXFileReference; lastKnownFileType = sourcecode.swift; path = SettingModel.swift; sourceTree = "<group>"; };
		0091043C2CA3F91400F1AA54 /* PickerCell.swift */ = {isa = PBXFileReference; lastKnownFileType = sourcecode.swift; path = PickerCell.swift; sourceTree = "<group>"; };
		009104402CA43C3100F1AA54 /* UserDefaultsManager.swift */ = {isa = PBXFileReference; lastKnownFileType = sourcecode.swift; path = UserDefaultsManager.swift; sourceTree = "<group>"; };
		009104432CA53D3800F1AA54 /* ProfileDetailView.swift */ = {isa = PBXFileReference; lastKnownFileType = sourcecode.swift; path = ProfileDetailView.swift; sourceTree = "<group>"; };
		009104462CA5593200F1AA54 /* ProfileViewModel.swift */ = {isa = PBXFileReference; lastKnownFileType = sourcecode.swift; path = ProfileViewModel.swift; sourceTree = "<group>"; };
		009104692CA674F400F1AA54 /* LoadingView.swift */ = {isa = PBXFileReference; lastKnownFileType = sourcecode.swift; path = LoadingView.swift; sourceTree = "<group>"; };
		0091046B2CA67FD300F1AA54 /* UIApplication+Extension.swift */ = {isa = PBXFileReference; lastKnownFileType = sourcecode.swift; path = "UIApplication+Extension.swift"; sourceTree = "<group>"; };
		0091046D2CA6928200F1AA54 /* ToastView.swift */ = {isa = PBXFileReference; lastKnownFileType = sourcecode.swift; path = ToastView.swift; sourceTree = "<group>"; };
		009104732CA6C47000F1AA54 /* ModalView.swift */ = {isa = PBXFileReference; lastKnownFileType = sourcecode.swift; path = ModalView.swift; sourceTree = "<group>"; };
		009104752CA6C57C00F1AA54 /* OverlayModel.swift */ = {isa = PBXFileReference; lastKnownFileType = sourcecode.swift; path = OverlayModel.swift; sourceTree = "<group>"; };
		0096C6492CAD05E000C6FD42 /* WelcomeSettingsView.swift */ = {isa = PBXFileReference; lastKnownFileType = sourcecode.swift; path = WelcomeSettingsView.swift; sourceTree = "<group>"; };
		00D6F2F92CAAA923008841E6 /* WelcomeView.swift */ = {isa = PBXFileReference; lastKnownFileType = sourcecode.swift; path = WelcomeView.swift; sourceTree = "<group>"; };
		00D6F2FB2CAAAFE2008841E6 /* WelcomeViewModel.swift */ = {isa = PBXFileReference; lastKnownFileType = sourcecode.swift; path = WelcomeViewModel.swift; sourceTree = "<group>"; };
		00D6F2FD2CAAE541008841E6 /* RegisterView.swift */ = {isa = PBXFileReference; lastKnownFileType = sourcecode.swift; path = RegisterView.swift; sourceTree = "<group>"; };
		00D6F2FF2CAAEF01008841E6 /* PhotoPickerView.swift */ = {isa = PBXFileReference; lastKnownFileType = sourcecode.swift; path = PhotoPickerView.swift; sourceTree = "<group>"; };
		00D6F3012CAAF925008841E6 /* WelcomeSwitchView.swift */ = {isa = PBXFileReference; lastKnownFileType = sourcecode.swift; path = WelcomeSwitchView.swift; sourceTree = "<group>"; };
		00D6F3032CAAFCC6008841E6 /* BackButtonView.swift */ = {isa = PBXFileReference; lastKnownFileType = sourcecode.swift; path = BackButtonView.swift; sourceTree = "<group>"; };
		00EB78612C8B58F900BEEEAA /* View+Extensions.swift */ = {isa = PBXFileReference; lastKnownFileType = sourcecode.swift; path = "View+Extensions.swift"; sourceTree = "<group>"; };
		00EB78632C8B5AB300BEEEAA /* ErrorHandling.swift */ = {isa = PBXFileReference; lastKnownFileType = sourcecode.swift; path = ErrorHandling.swift; sourceTree = "<group>"; };
		00EB78692C8F3D4100BEEEAA /* CapsuleButton.swift */ = {isa = PBXFileReference; lastKnownFileType = sourcecode.swift; path = CapsuleButton.swift; sourceTree = "<group>"; };
		00EB786D2C980AD100BEEEAA /* HomeView.swift */ = {isa = PBXFileReference; lastKnownFileType = sourcecode.swift; path = HomeView.swift; sourceTree = "<group>"; };
		00EB786F2C980C5900BEEEAA /* RoomsView.swift */ = {isa = PBXFileReference; lastKnownFileType = sourcecode.swift; path = RoomsView.swift; sourceTree = "<group>"; };
		00EB78732C980EA500BEEEAA /* RoomResponse.swift */ = {isa = PBXFileReference; lastKnownFileType = sourcecode.swift; path = RoomResponse.swift; sourceTree = "<group>"; };
		00EB78752C980EE500BEEEAA /* UserResponse.swift */ = {isa = PBXFileReference; lastKnownFileType = sourcecode.swift; path = UserResponse.swift; sourceTree = "<group>"; };
		00EB78782C9814B600BEEEAA /* SplashView.swift */ = {isa = PBXFileReference; lastKnownFileType = sourcecode.swift; path = SplashView.swift; sourceTree = "<group>"; };
		00EB787D2C981F6300BEEEAA /* MyPageView.swift */ = {isa = PBXFileReference; lastKnownFileType = sourcecode.swift; path = MyPageView.swift; sourceTree = "<group>"; };
		00EB78812C987BC100BEEEAA /* RoomsViewModel.swift */ = {isa = PBXFileReference; lastKnownFileType = sourcecode.swift; path = RoomsViewModel.swift; sourceTree = "<group>"; };
		00EB78832C994DE700BEEEAA /* RoomCell.swift */ = {isa = PBXFileReference; lastKnownFileType = sourcecode.swift; path = RoomCell.swift; sourceTree = "<group>"; };
		00EB78882C9AAECF00BEEEAA /* RoomViewModel.swift */ = {isa = PBXFileReference; lastKnownFileType = sourcecode.swift; path = RoomViewModel.swift; sourceTree = "<group>"; };
		00EB788A2C9ABBD500BEEEAA /* IconImageView.swift */ = {isa = PBXFileReference; lastKnownFileType = sourcecode.swift; path = IconImageView.swift; sourceTree = "<group>"; };
		00EB788D2C9B254E00BEEEAA /* MessagesView.swift */ = {isa = PBXFileReference; lastKnownFileType = sourcecode.swift; path = MessagesView.swift; sourceTree = "<group>"; };
		00EB788F2C9B29DE00BEEEAA /* MessageResponse.swift */ = {isa = PBXFileReference; lastKnownFileType = sourcecode.swift; path = MessageResponse.swift; sourceTree = "<group>"; };
		00EB78922C9B327400BEEEAA /* ContentViewModel.swift */ = {isa = PBXFileReference; lastKnownFileType = sourcecode.swift; path = ContentViewModel.swift; sourceTree = "<group>"; };
		00EB78942C9B9E9600BEEEAA /* UIImage+Extensions.swift */ = {isa = PBXFileReference; lastKnownFileType = sourcecode.swift; path = "UIImage+Extensions.swift"; sourceTree = "<group>"; };
		00EB78962C9BE58200BEEEAA /* MessageCell.swift */ = {isa = PBXFileReference; lastKnownFileType = sourcecode.swift; path = MessageCell.swift; sourceTree = "<group>"; };
		00EB78982C9BE5FB00BEEEAA /* Date+Extensions.swift */ = {isa = PBXFileReference; lastKnownFileType = sourcecode.swift; path = "Date+Extensions.swift"; sourceTree = "<group>"; };
		00EB78B82C9D562900BEEEAA /* AutoResizingTextEditor.swift */ = {isa = PBXFileReference; lastKnownFileType = sourcecode.swift; path = AutoResizingTextEditor.swift; sourceTree = "<group>"; };
		00EB78BA2C9D694600BEEEAA /* ResignKeyboardOnDragGesture.swift */ = {isa = PBXFileReference; lastKnownFileType = sourcecode.swift; path = ResignKeyboardOnDragGesture.swift; sourceTree = "<group>"; };
		00F7BE112C80B63F00E0CB5C /* LoginView.swift */ = {isa = PBXFileReference; lastKnownFileType = sourcecode.swift; path = LoginView.swift; sourceTree = "<group>"; };
		00F7BE142C80B8D800E0CB5C /* InputFormView.swift */ = {isa = PBXFileReference; lastKnownFileType = sourcecode.swift; path = InputFormView.swift; sourceTree = "<group>"; };
		00F7BE382C8222DF00E0CB5C /* CustomTabView.swift */ = {isa = PBXFileReference; lastKnownFileType = sourcecode.swift; path = CustomTabView.swift; sourceTree = "<group>"; };
		00F7BE3A2C832EDC00E0CB5C /* GoogleService-Info.plist */ = {isa = PBXFileReference; fileEncoding = 4; lastKnownFileType = text.plist.xml; path = "GoogleService-Info.plist"; sourceTree = "<group>"; };
		00F7BE4C2C835B9200E0CB5C /* FirebaseManager.swift */ = {isa = PBXFileReference; lastKnownFileType = sourcecode.swift; path = FirebaseManager.swift; sourceTree = "<group>"; };
		00F7BE532C8392E200E0CB5C /* FirebaseError.swift */ = {isa = PBXFileReference; lastKnownFileType = sourcecode.swift; path = FirebaseError.swift; sourceTree = "<group>"; };
		00FA5C1E2CA2BD0300301A1B /* CustomNavCell.swift */ = {isa = PBXFileReference; lastKnownFileType = sourcecode.swift; path = CustomNavCell.swift; sourceTree = "<group>"; };
		00FA5C212CA2CB2000301A1B /* HiddenModifier.swift */ = {isa = PBXFileReference; lastKnownFileType = sourcecode.swift; path = HiddenModifier.swift; sourceTree = "<group>"; };
/* End PBXFileReference section */

/* Begin PBXFrameworksBuildPhase section */
		006EB18D2C7F804C00A63EAA /* Frameworks */ = {
			isa = PBXFrameworksBuildPhase;
			buildActionMask = 2147483647;
			files = (
				00F7BE372C82216C00E0CB5C /* SwiftUIFontIcon in Frameworks */,
				00F7BE4A2C835AF600E0CB5C /* FirebaseStorage in Frameworks */,
				00F7BE462C835AF600E0CB5C /* FirebaseAuth in Frameworks */,
				00F7BE482C835AF600E0CB5C /* FirebaseFirestore in Frameworks */,
			);
			runOnlyForDeploymentPostprocessing = 0;
		};
/* End PBXFrameworksBuildPhase section */

/* Begin PBXGroup section */
		006EB1872C7F804C00A63EAA = {
			isa = PBXGroup;
			children = (
				006EB1922C7F804C00A63EAA /* ReportChat */,
				006EB1912C7F804C00A63EAA /* Products */,
			);
			sourceTree = "<group>";
		};
		006EB1912C7F804C00A63EAA /* Products */ = {
			isa = PBXGroup;
			children = (
				006EB1902C7F804C00A63EAA /* ReportChat.app */,
			);
			name = Products;
			sourceTree = "<group>";
		};
		006EB1922C7F804C00A63EAA /* ReportChat */ = {
			isa = PBXGroup;
			children = (
				006EB1932C7F804C00A63EAA /* ReportChatApp.swift */,
				00EB78912C9B325C00BEEEAA /* Content */,
				00EB78712C980E7B00BEEEAA /* Models */,
				00EB78602C8B567000BEEEAA /* Extensions */,
				00FA5C202CA2CA7800301A1B /* ViewModifiers */,
				00F7BE4B2C835B6800E0CB5C /* Firebase */,
				00F7BE3A2C832EDC00E0CB5C /* GoogleService-Info.plist */,
				00F7BE0F2C80B56800E0CB5C /* Screens */,
				00F7BE132C80B8A800E0CB5C /* ViewParts */,
				00F7BE522C83924600E0CB5C /* Helper */,
				006EB1972C7F804E00A63EAA /* Assets.xcassets */,
				006EB1992C7F804E00A63EAA /* Preview Content */,
			);
			path = ReportChat;
			sourceTree = "<group>";
		};
		006EB1992C7F804E00A63EAA /* Preview Content */ = {
			isa = PBXGroup;
			children = (
				006EB19A2C7F804E00A63EAA /* Preview Assets.xcassets */,
			);
			path = "Preview Content";
			sourceTree = "<group>";
		};
		009104292CA3127200F1AA54 /* SettingCells */ = {
			isa = PBXGroup;
			children = (
				009104362CA3CFFC00F1AA54 /* SectionCell.swift */,
				00FA5C1E2CA2BD0300301A1B /* CustomNavCell.swift */,
				0091042A2CA313AB00F1AA54 /* ToggleCell.swift */,
				009104302CA3ABD200F1AA54 /* SafariCell.swift */,
				0091043C2CA3F91400F1AA54 /* PickerCell.swift */,
			);
			path = SettingCells;
			sourceTree = "<group>";
		};
		009104452CA53D8400F1AA54 /* Profile */ = {
			isa = PBXGroup;
			children = (
				009104432CA53D3800F1AA54 /* ProfileDetailView.swift */,
				009104462CA5593200F1AA54 /* ProfileViewModel.swift */,
			);
			path = Profile;
			sourceTree = "<group>";
		};
		009104682CA6746500F1AA54 /* OverlayViews */ = {
			isa = PBXGroup;
			children = (
				009104692CA674F400F1AA54 /* LoadingView.swift */,
				0091046D2CA6928200F1AA54 /* ToastView.swift */,
				009104732CA6C47000F1AA54 /* ModalView.swift */,
			);
			path = OverlayViews;
			sourceTree = "<group>";
		};
		00D6F2F82CAAA8CF008841E6 /* Welcome */ = {
			isa = PBXGroup;
			children = (
				00D6F3012CAAF925008841E6 /* WelcomeSwitchView.swift */,
				00D6F2F92CAAA923008841E6 /* WelcomeView.swift */,
				00F7BE112C80B63F00E0CB5C /* LoginView.swift */,
				00D6F2FD2CAAE541008841E6 /* RegisterView.swift */,
				0096C6492CAD05E000C6FD42 /* WelcomeSettingsView.swift */,
				00D6F2FB2CAAAFE2008841E6 /* WelcomeViewModel.swift */,
			);
			path = Welcome;
			sourceTree = "<group>";
		};
		00EB78602C8B567000BEEEAA /* Extensions */ = {
			isa = PBXGroup;
			children = (
				00EB78612C8B58F900BEEEAA /* View+Extensions.swift */,
				00EB78942C9B9E9600BEEEAA /* UIImage+Extensions.swift */,
				00EB78982C9BE5FB00BEEEAA /* Date+Extensions.swift */,
				0091046B2CA67FD300F1AA54 /* UIApplication+Extension.swift */,
				008346A32CB2E988001ADAD2 /* String+Extensions.swift */,
			);
			path = Extensions;
			sourceTree = "<group>";
		};
		00EB786B2C980A1000BEEEAA /* Home */ = {
			isa = PBXGroup;
			children = (
				00EB786D2C980AD100BEEEAA /* HomeView.swift */,
				008346CD2CB97E4E001ADAD2 /* HomeViewModel.swift */,
			);
			path = Home;
			sourceTree = "<group>";
		};
		00EB786C2C980A1B00BEEEAA /* Rooms */ = {
			isa = PBXGroup;
			children = (
				00EB788C2C9B253600BEEEAA /* Messages */,
				00EB786F2C980C5900BEEEAA /* RoomsView.swift */,
				00EB78812C987BC100BEEEAA /* RoomsViewModel.swift */,
			);
			path = Rooms;
			sourceTree = "<group>";
		};
		00EB78712C980E7B00BEEEAA /* Models */ = {
			isa = PBXGroup;
			children = (
				00EB78732C980EA500BEEEAA /* RoomResponse.swift */,
				00EB78752C980EE500BEEEAA /* UserResponse.swift */,
				00EB788F2C9B29DE00BEEEAA /* MessageResponse.swift */,
				0091043A2CA3DC4400F1AA54 /* SettingModel.swift */,
				009104382CA3D9B300F1AA54 /* SettingsResource.swift */,
				009104752CA6C57C00F1AA54 /* OverlayModel.swift */,
			);
			path = Models;
			sourceTree = "<group>";
		};
		00EB78772C98149700BEEEAA /* Splash */ = {
			isa = PBXGroup;
			children = (
				00EB78782C9814B600BEEEAA /* SplashView.swift */,
			);
			path = Splash;
			sourceTree = "<group>";
		};
		00EB787C2C981F4100BEEEAA /* MyPage */ = {
			isa = PBXGroup;
			children = (
				009104452CA53D8400F1AA54 /* Profile */,
				00EB787D2C981F6300BEEEAA /* MyPageView.swift */,
				009104342CA3C77900F1AA54 /* SettingsView.swift */,
			);
			path = MyPage;
			sourceTree = "<group>";
		};
		00EB78872C9AAEB200BEEEAA /* Room */ = {
			isa = PBXGroup;
			children = (
				00EB78832C994DE700BEEEAA /* RoomCell.swift */,
				00EB78882C9AAECF00BEEEAA /* RoomViewModel.swift */,
			);
			path = Room;
			sourceTree = "<group>";
		};
		00EB788C2C9B253600BEEEAA /* Messages */ = {
			isa = PBXGroup;
			children = (
				00EB788D2C9B254E00BEEEAA /* MessagesView.swift */,
			);
			path = Messages;
			sourceTree = "<group>";
		};
		00EB78912C9B325C00BEEEAA /* Content */ = {
			isa = PBXGroup;
			children = (
				006EB1952C7F804C00A63EAA /* ContentView.swift */,
				00EB78922C9B327400BEEEAA /* ContentViewModel.swift */,
			);
			path = Content;
			sourceTree = "<group>";
		};
		00F7BE0F2C80B56800E0CB5C /* Screens */ = {
			isa = PBXGroup;
			children = (
				00D6F2F82CAAA8CF008841E6 /* Welcome */,
				00EB787C2C981F4100BEEEAA /* MyPage */,
				00EB78772C98149700BEEEAA /* Splash */,
				00EB786C2C980A1B00BEEEAA /* Rooms */,
				00EB786B2C980A1000BEEEAA /* Home */,
			);
			path = Screens;
			sourceTree = "<group>";
		};
		00F7BE132C80B8A800E0CB5C /* ViewParts */ = {
			isa = PBXGroup;
			children = (
				009104682CA6746500F1AA54 /* OverlayViews */,
				009104292CA3127200F1AA54 /* SettingCells */,
				00EB78872C9AAEB200BEEEAA /* Room */,
				00F7BE142C80B8D800E0CB5C /* InputFormView.swift */,
				00F7BE382C8222DF00E0CB5C /* CustomTabView.swift */,
				00EB78692C8F3D4100BEEEAA /* CapsuleButton.swift */,
				00EB788A2C9ABBD500BEEEAA /* IconImageView.swift */,
				00EB78962C9BE58200BEEEAA /* MessageCell.swift */,
				00EB78B82C9D562900BEEEAA /* AutoResizingTextEditor.swift */,
				00D6F2FF2CAAEF01008841E6 /* PhotoPickerView.swift */,
				00D6F3032CAAFCC6008841E6 /* BackButtonView.swift */,
				008346CF2CBA1155001ADAD2 /* CachedImage.swift */,
			);
			path = ViewParts;
			sourceTree = "<group>";
		};
		00F7BE4B2C835B6800E0CB5C /* Firebase */ = {
			isa = PBXGroup;
			children = (
				00F7BE4C2C835B9200E0CB5C /* FirebaseManager.swift */,
				00F7BE532C8392E200E0CB5C /* FirebaseError.swift */,
				008346CB2CB90ECF001ADAD2 /* UserManager.swift */,
			);
			path = Firebase;
			sourceTree = "<group>";
		};
		00F7BE522C83924600E0CB5C /* Helper */ = {
			isa = PBXGroup;
			children = (
				00EB78632C8B5AB300BEEEAA /* ErrorHandling.swift */,
				00EB78BA2C9D694600BEEEAA /* ResignKeyboardOnDragGesture.swift */,
				009104322CA3AF0A00F1AA54 /* SafariWebView.swift */,
				009104402CA43C3100F1AA54 /* UserDefaultsManager.swift */,
			);
			path = Helper;
			sourceTree = "<group>";
		};
		00FA5C202CA2CA7800301A1B /* ViewModifiers */ = {
			isa = PBXGroup;
			children = (
				00FA5C212CA2CB2000301A1B /* HiddenModifier.swift */,
			);
			path = ViewModifiers;
			sourceTree = "<group>";
		};
/* End PBXGroup section */

/* Begin PBXNativeTarget section */
		006EB18F2C7F804C00A63EAA /* ReportChat */ = {
			isa = PBXNativeTarget;
			buildConfigurationList = 006EB19E2C7F804E00A63EAA /* Build configuration list for PBXNativeTarget "ReportChat" */;
			buildPhases = (
				006EB18C2C7F804C00A63EAA /* Sources */,
				006EB18D2C7F804C00A63EAA /* Frameworks */,
				006EB18E2C7F804C00A63EAA /* Resources */,
			);
			buildRules = (
			);
			dependencies = (
			);
			name = ReportChat;
			packageProductDependencies = (
				00F7BE362C82216C00E0CB5C /* SwiftUIFontIcon */,
				00F7BE452C835AF600E0CB5C /* FirebaseAuth */,
				00F7BE472C835AF600E0CB5C /* FirebaseFirestore */,
				00F7BE492C835AF600E0CB5C /* FirebaseStorage */,
			);
			productName = ReportChat;
			productReference = 006EB1902C7F804C00A63EAA /* ReportChat.app */;
			productType = "com.apple.product-type.application";
		};
/* End PBXNativeTarget section */

/* Begin PBXProject section */
		006EB1882C7F804C00A63EAA /* Project object */ = {
			isa = PBXProject;
			attributes = {
				BuildIndependentTargetsInParallel = 1;
				LastSwiftUpdateCheck = 1530;
				LastUpgradeCheck = 1530;
				TargetAttributes = {
					006EB18F2C7F804C00A63EAA = {
						CreatedOnToolsVersion = 15.3;
					};
				};
			};
			buildConfigurationList = 006EB18B2C7F804C00A63EAA /* Build configuration list for PBXProject "ReportChat" */;
			compatibilityVersion = "Xcode 14.0";
			developmentRegion = ja;
			hasScannedForEncodings = 0;
			knownRegions = (
				en,
				Base,
				ja,
			);
			mainGroup = 006EB1872C7F804C00A63EAA;
			packageReferences = (
				00F7BE352C82216B00E0CB5C /* XCRemoteSwiftPackageReference "SwiftUIFontIcon" */,
				00F7BE442C835AF600E0CB5C /* XCRemoteSwiftPackageReference "firebase-ios-sdk" */,
			);
			productRefGroup = 006EB1912C7F804C00A63EAA /* Products */;
			projectDirPath = "";
			projectRoot = "";
			targets = (
				006EB18F2C7F804C00A63EAA /* ReportChat */,
			);
		};
/* End PBXProject section */

/* Begin PBXResourcesBuildPhase section */
		006EB18E2C7F804C00A63EAA /* Resources */ = {
			isa = PBXResourcesBuildPhase;
			buildActionMask = 2147483647;
			files = (
				006EB19B2C7F804E00A63EAA /* Preview Assets.xcassets in Resources */,
				006EB1982C7F804E00A63EAA /* Assets.xcassets in Resources */,
				00F7BE3B2C832EDC00E0CB5C /* GoogleService-Info.plist in Resources */,
			);
			runOnlyForDeploymentPostprocessing = 0;
		};
/* End PBXResourcesBuildPhase section */

/* Begin PBXSourcesBuildPhase section */
		006EB18C2C7F804C00A63EAA /* Sources */ = {
			isa = PBXSourcesBuildPhase;
			buildActionMask = 2147483647;
			files = (
				00F7BE542C8392E200E0CB5C /* FirebaseError.swift in Sources */,
				00D6F2FC2CAAAFE2008841E6 /* WelcomeViewModel.swift in Sources */,
				009104352CA3C77900F1AA54 /* SettingsView.swift in Sources */,
				0091042B2CA313AB00F1AA54 /* ToggleCell.swift in Sources */,
				00F7BE4D2C835B9200E0CB5C /* FirebaseManager.swift in Sources */,
				009104392CA3D9B300F1AA54 /* SettingsResource.swift in Sources */,
				00D6F3042CAAFCC6008841E6 /* BackButtonView.swift in Sources */,
				00EB78792C9814B600BEEEAA /* SplashView.swift in Sources */,
				00EB786E2C980AD100BEEEAA /* HomeView.swift in Sources */,
				00EB78902C9B29DE00BEEEAA /* MessageResponse.swift in Sources */,
				00EB788B2C9ABBD600BEEEAA /* IconImageView.swift in Sources */,
				00D6F2FE2CAAE541008841E6 /* RegisterView.swift in Sources */,
				00EB78822C987BC100BEEEAA /* RoomsViewModel.swift in Sources */,
				00F7BE392C8222DF00E0CB5C /* CustomTabView.swift in Sources */,
				009104332CA3AF0A00F1AA54 /* SafariWebView.swift in Sources */,
				0091046C2CA67FD300F1AA54 /* UIApplication+Extension.swift in Sources */,
				00EB788E2C9B254E00BEEEAA /* MessagesView.swift in Sources */,
				00FA5C222CA2CB2000301A1B /* HiddenModifier.swift in Sources */,
				009104762CA6C57C00F1AA54 /* OverlayModel.swift in Sources */,
				00F7BE122C80B63F00E0CB5C /* LoginView.swift in Sources */,
				008346D02CBA1155001ADAD2 /* CachedImage.swift in Sources */,
				00EB78B92C9D562900BEEEAA /* AutoResizingTextEditor.swift in Sources */,
				009104472CA5593200F1AA54 /* ProfileViewModel.swift in Sources */,
				00EB78972C9BE58200BEEEAA /* MessageCell.swift in Sources */,
				00FA5C1F2CA2BD0300301A1B /* CustomNavCell.swift in Sources */,
				00F7BE152C80B8D800E0CB5C /* InputFormView.swift in Sources */,
				0096C64A2CAD05E100C6FD42 /* WelcomeSettingsView.swift in Sources */,
				006EB1962C7F804C00A63EAA /* ContentView.swift in Sources */,
				009104742CA6C47000F1AA54 /* ModalView.swift in Sources */,
				00EB78932C9B327400BEEEAA /* ContentViewModel.swift in Sources */,
				00EB78992C9BE5FB00BEEEAA /* Date+Extensions.swift in Sources */,
				00D6F2FA2CAAA923008841E6 /* WelcomeView.swift in Sources */,
				0091043B2CA3DC4400F1AA54 /* SettingModel.swift in Sources */,
				00D6F3022CAAF925008841E6 /* WelcomeSwitchView.swift in Sources */,
				0091046A2CA674F400F1AA54 /* LoadingView.swift in Sources */,
				00EB78642C8B5AB300BEEEAA /* ErrorHandling.swift in Sources */,
				0091046E2CA6928200F1AA54 /* ToastView.swift in Sources */,
				00EB786A2C8F3D4100BEEEAA /* CapsuleButton.swift in Sources */,
				00EB78892C9AAECF00BEEEAA /* RoomViewModel.swift in Sources */,
				006EB1942C7F804C00A63EAA /* ReportChatApp.swift in Sources */,
				00EB78762C980EE500BEEEAA /* UserResponse.swift in Sources */,
				008346A42CB2E988001ADAD2 /* String+Extensions.swift in Sources */,
				00EB78702C980C5900BEEEAA /* RoomsView.swift in Sources */,
				009104442CA53D3800F1AA54 /* ProfileDetailView.swift in Sources */,
				009104312CA3ABD200F1AA54 /* SafariCell.swift in Sources */,
				00EB78842C994DE700BEEEAA /* RoomCell.swift in Sources */,
				009104372CA3CFFC00F1AA54 /* SectionCell.swift in Sources */,
				00EB78622C8B58F900BEEEAA /* View+Extensions.swift in Sources */,
				00EB78742C980EA500BEEEAA /* RoomResponse.swift in Sources */,
				00EB78BB2C9D694600BEEEAA /* ResignKeyboardOnDragGesture.swift in Sources */,
				00EB78952C9B9E9600BEEEAA /* UIImage+Extensions.swift in Sources */,
				009104412CA43C3100F1AA54 /* UserDefaultsManager.swift in Sources */,
				008346CE2CB97E4E001ADAD2 /* HomeViewModel.swift in Sources */,
				00EB787E2C981F6300BEEEAA /* MyPageView.swift in Sources */,
				00D6F3002CAAEF01008841E6 /* PhotoPickerView.swift in Sources */,
				008346CC2CB90ECF001ADAD2 /* UserManager.swift in Sources */,
				0091043D2CA3F91400F1AA54 /* PickerCell.swift in Sources */,
			);
			runOnlyForDeploymentPostprocessing = 0;
		};
/* End PBXSourcesBuildPhase section */

/* Begin XCBuildConfiguration section */
		006EB19C2C7F804E00A63EAA /* Debug */ = {
			isa = XCBuildConfiguration;
			buildSettings = {
				ALWAYS_SEARCH_USER_PATHS = NO;
				ASSETCATALOG_COMPILER_GENERATE_SWIFT_ASSET_SYMBOL_EXTENSIONS = YES;
				CLANG_ANALYZER_LOCALIZABILITY_NONLOCALIZED = YES;
				CLANG_ANALYZER_NONNULL = YES;
				CLANG_ANALYZER_NUMBER_OBJECT_CONVERSION = YES_AGGRESSIVE;
				CLANG_CXX_LANGUAGE_STANDARD = "gnu++20";
				CLANG_ENABLE_MODULES = YES;
				CLANG_ENABLE_OBJC_ARC = YES;
				CLANG_ENABLE_OBJC_WEAK = YES;
				CLANG_WARN_BLOCK_CAPTURE_AUTORELEASING = YES;
				CLANG_WARN_BOOL_CONVERSION = YES;
				CLANG_WARN_COMMA = YES;
				CLANG_WARN_CONSTANT_CONVERSION = YES;
				CLANG_WARN_DEPRECATED_OBJC_IMPLEMENTATIONS = YES;
				CLANG_WARN_DIRECT_OBJC_ISA_USAGE = YES_ERROR;
				CLANG_WARN_DOCUMENTATION_COMMENTS = YES;
				CLANG_WARN_EMPTY_BODY = YES;
				CLANG_WARN_ENUM_CONVERSION = YES;
				CLANG_WARN_INFINITE_RECURSION = YES;
				CLANG_WARN_INT_CONVERSION = YES;
				CLANG_WARN_NON_LITERAL_NULL_CONVERSION = YES;
				CLANG_WARN_OBJC_IMPLICIT_RETAIN_SELF = YES;
				CLANG_WARN_OBJC_LITERAL_CONVERSION = YES;
				CLANG_WARN_OBJC_ROOT_CLASS = YES_ERROR;
				CLANG_WARN_QUOTED_INCLUDE_IN_FRAMEWORK_HEADER = YES;
				CLANG_WARN_RANGE_LOOP_ANALYSIS = YES;
				CLANG_WARN_STRICT_PROTOTYPES = YES;
				CLANG_WARN_SUSPICIOUS_MOVE = YES;
				CLANG_WARN_UNGUARDED_AVAILABILITY = YES_AGGRESSIVE;
				CLANG_WARN_UNREACHABLE_CODE = YES;
				CLANG_WARN__DUPLICATE_METHOD_MATCH = YES;
				COPY_PHASE_STRIP = NO;
				DEBUG_INFORMATION_FORMAT = dwarf;
				ENABLE_STRICT_OBJC_MSGSEND = YES;
				ENABLE_TESTABILITY = YES;
				ENABLE_USER_SCRIPT_SANDBOXING = YES;
				GCC_C_LANGUAGE_STANDARD = gnu17;
				GCC_DYNAMIC_NO_PIC = NO;
				GCC_NO_COMMON_BLOCKS = YES;
				GCC_OPTIMIZATION_LEVEL = 0;
				GCC_PREPROCESSOR_DEFINITIONS = (
					"DEBUG=1",
					"$(inherited)",
				);
				GCC_WARN_64_TO_32_BIT_CONVERSION = YES;
				GCC_WARN_ABOUT_RETURN_TYPE = YES_ERROR;
				GCC_WARN_UNDECLARED_SELECTOR = YES;
				GCC_WARN_UNINITIALIZED_AUTOS = YES_AGGRESSIVE;
				GCC_WARN_UNUSED_FUNCTION = YES;
				GCC_WARN_UNUSED_VARIABLE = YES;
				IPHONEOS_DEPLOYMENT_TARGET = 17.4;
				LOCALIZATION_PREFERS_STRING_CATALOGS = YES;
				MTL_ENABLE_DEBUG_INFO = INCLUDE_SOURCE;
				MTL_FAST_MATH = YES;
				ONLY_ACTIVE_ARCH = YES;
				SDKROOT = iphoneos;
				SWIFT_ACTIVE_COMPILATION_CONDITIONS = "DEBUG $(inherited)";
				SWIFT_OPTIMIZATION_LEVEL = "-Onone";
			};
			name = Debug;
		};
		006EB19D2C7F804E00A63EAA /* Release */ = {
			isa = XCBuildConfiguration;
			buildSettings = {
				ALWAYS_SEARCH_USER_PATHS = NO;
				ASSETCATALOG_COMPILER_GENERATE_SWIFT_ASSET_SYMBOL_EXTENSIONS = YES;
				CLANG_ANALYZER_LOCALIZABILITY_NONLOCALIZED = YES;
				CLANG_ANALYZER_NONNULL = YES;
				CLANG_ANALYZER_NUMBER_OBJECT_CONVERSION = YES_AGGRESSIVE;
				CLANG_CXX_LANGUAGE_STANDARD = "gnu++20";
				CLANG_ENABLE_MODULES = YES;
				CLANG_ENABLE_OBJC_ARC = YES;
				CLANG_ENABLE_OBJC_WEAK = YES;
				CLANG_WARN_BLOCK_CAPTURE_AUTORELEASING = YES;
				CLANG_WARN_BOOL_CONVERSION = YES;
				CLANG_WARN_COMMA = YES;
				CLANG_WARN_CONSTANT_CONVERSION = YES;
				CLANG_WARN_DEPRECATED_OBJC_IMPLEMENTATIONS = YES;
				CLANG_WARN_DIRECT_OBJC_ISA_USAGE = YES_ERROR;
				CLANG_WARN_DOCUMENTATION_COMMENTS = YES;
				CLANG_WARN_EMPTY_BODY = YES;
				CLANG_WARN_ENUM_CONVERSION = YES;
				CLANG_WARN_INFINITE_RECURSION = YES;
				CLANG_WARN_INT_CONVERSION = YES;
				CLANG_WARN_NON_LITERAL_NULL_CONVERSION = YES;
				CLANG_WARN_OBJC_IMPLICIT_RETAIN_SELF = YES;
				CLANG_WARN_OBJC_LITERAL_CONVERSION = YES;
				CLANG_WARN_OBJC_ROOT_CLASS = YES_ERROR;
				CLANG_WARN_QUOTED_INCLUDE_IN_FRAMEWORK_HEADER = YES;
				CLANG_WARN_RANGE_LOOP_ANALYSIS = YES;
				CLANG_WARN_STRICT_PROTOTYPES = YES;
				CLANG_WARN_SUSPICIOUS_MOVE = YES;
				CLANG_WARN_UNGUARDED_AVAILABILITY = YES_AGGRESSIVE;
				CLANG_WARN_UNREACHABLE_CODE = YES;
				CLANG_WARN__DUPLICATE_METHOD_MATCH = YES;
				COPY_PHASE_STRIP = NO;
				DEBUG_INFORMATION_FORMAT = "dwarf-with-dsym";
				ENABLE_NS_ASSERTIONS = NO;
				ENABLE_STRICT_OBJC_MSGSEND = YES;
				ENABLE_USER_SCRIPT_SANDBOXING = YES;
				GCC_C_LANGUAGE_STANDARD = gnu17;
				GCC_NO_COMMON_BLOCKS = YES;
				GCC_WARN_64_TO_32_BIT_CONVERSION = YES;
				GCC_WARN_ABOUT_RETURN_TYPE = YES_ERROR;
				GCC_WARN_UNDECLARED_SELECTOR = YES;
				GCC_WARN_UNINITIALIZED_AUTOS = YES_AGGRESSIVE;
				GCC_WARN_UNUSED_FUNCTION = YES;
				GCC_WARN_UNUSED_VARIABLE = YES;
				IPHONEOS_DEPLOYMENT_TARGET = 17.4;
				LOCALIZATION_PREFERS_STRING_CATALOGS = YES;
				MTL_ENABLE_DEBUG_INFO = NO;
				MTL_FAST_MATH = YES;
				SDKROOT = iphoneos;
				SWIFT_COMPILATION_MODE = wholemodule;
				VALIDATE_PRODUCT = YES;
			};
			name = Release;
		};
		006EB19F2C7F804E00A63EAA /* Debug */ = {
			isa = XCBuildConfiguration;
			buildSettings = {
				ASSETCATALOG_COMPILER_APPICON_NAME = AppIcon;
				ASSETCATALOG_COMPILER_GLOBAL_ACCENT_COLOR_NAME = AccentColor;
				CODE_SIGN_STYLE = Automatic;
				CURRENT_PROJECT_VERSION = 1;
				DEVELOPMENT_ASSET_PATHS = "\"ReportChat/Preview Content\"";
				DEVELOPMENT_TEAM = T9UM9Z6XFV;
				ENABLE_PREVIEWS = YES;
				GENERATE_INFOPLIST_FILE = YES;
				INFOPLIST_KEY_UIApplicationSceneManifest_Generation = YES;
				INFOPLIST_KEY_UIApplicationSupportsIndirectInputEvents = YES;
				INFOPLIST_KEY_UILaunchScreen_Generation = YES;
				INFOPLIST_KEY_UISupportedInterfaceOrientations_iPad = "UIInterfaceOrientationPortrait UIInterfaceOrientationPortraitUpsideDown UIInterfaceOrientationLandscapeLeft UIInterfaceOrientationLandscapeRight";
				INFOPLIST_KEY_UISupportedInterfaceOrientations_iPhone = "UIInterfaceOrientationPortrait UIInterfaceOrientationLandscapeLeft UIInterfaceOrientationLandscapeRight";
				IPHONEOS_DEPLOYMENT_TARGET = 17.0;
				LD_RUNPATH_SEARCH_PATHS = (
					"$(inherited)",
					"@executable_path/Frameworks",
				);
				MARKETING_VERSION = 1.0;
				PRODUCT_BUNDLE_IDENTIFIER = com.sattsat.reportchat;
				PRODUCT_NAME = "$(TARGET_NAME)";
				SWIFT_EMIT_LOC_STRINGS = YES;
				SWIFT_VERSION = 5.0;
				TARGETED_DEVICE_FAMILY = "1,2";
			};
			name = Debug;
		};
		006EB1A02C7F804E00A63EAA /* Release */ = {
			isa = XCBuildConfiguration;
			buildSettings = {
				ASSETCATALOG_COMPILER_APPICON_NAME = AppIcon;
				ASSETCATALOG_COMPILER_GLOBAL_ACCENT_COLOR_NAME = AccentColor;
				CODE_SIGN_STYLE = Automatic;
				CURRENT_PROJECT_VERSION = 1;
				DEVELOPMENT_ASSET_PATHS = "\"ReportChat/Preview Content\"";
				DEVELOPMENT_TEAM = T9UM9Z6XFV;
				ENABLE_PREVIEWS = YES;
				GENERATE_INFOPLIST_FILE = YES;
				INFOPLIST_KEY_UIApplicationSceneManifest_Generation = YES;
				INFOPLIST_KEY_UIApplicationSupportsIndirectInputEvents = YES;
				INFOPLIST_KEY_UILaunchScreen_Generation = YES;
				INFOPLIST_KEY_UISupportedInterfaceOrientations_iPad = "UIInterfaceOrientationPortrait UIInterfaceOrientationPortraitUpsideDown UIInterfaceOrientationLandscapeLeft UIInterfaceOrientationLandscapeRight";
				INFOPLIST_KEY_UISupportedInterfaceOrientations_iPhone = "UIInterfaceOrientationPortrait UIInterfaceOrientationLandscapeLeft UIInterfaceOrientationLandscapeRight";
				IPHONEOS_DEPLOYMENT_TARGET = 17.0;
				LD_RUNPATH_SEARCH_PATHS = (
					"$(inherited)",
					"@executable_path/Frameworks",
				);
				MARKETING_VERSION = 1.0;
				PRODUCT_BUNDLE_IDENTIFIER = com.sattsat.reportchat;
				PRODUCT_NAME = "$(TARGET_NAME)";
				SWIFT_EMIT_LOC_STRINGS = YES;
				SWIFT_VERSION = 5.0;
				TARGETED_DEVICE_FAMILY = "1,2";
			};
			name = Release;
		};
/* End XCBuildConfiguration section */

/* Begin XCConfigurationList section */
		006EB18B2C7F804C00A63EAA /* Build configuration list for PBXProject "ReportChat" */ = {
			isa = XCConfigurationList;
			buildConfigurations = (
				006EB19C2C7F804E00A63EAA /* Debug */,
				006EB19D2C7F804E00A63EAA /* Release */,
			);
			defaultConfigurationIsVisible = 0;
			defaultConfigurationName = Release;
		};
		006EB19E2C7F804E00A63EAA /* Build configuration list for PBXNativeTarget "ReportChat" */ = {
			isa = XCConfigurationList;
			buildConfigurations = (
				006EB19F2C7F804E00A63EAA /* Debug */,
				006EB1A02C7F804E00A63EAA /* Release */,
			);
			defaultConfigurationIsVisible = 0;
			defaultConfigurationName = Release;
		};
/* End XCConfigurationList section */

/* Begin XCRemoteSwiftPackageReference section */
		00F7BE352C82216B00E0CB5C /* XCRemoteSwiftPackageReference "SwiftUIFontIcon" */ = {
			isa = XCRemoteSwiftPackageReference;
			repositoryURL = "https://github.com/huybuidac/SwiftUIFontIcon";
			requirement = {
				kind = upToNextMajorVersion;
				minimumVersion = 2.1.0;
			};
		};
		00F7BE442C835AF600E0CB5C /* XCRemoteSwiftPackageReference "firebase-ios-sdk" */ = {
			isa = XCRemoteSwiftPackageReference;
			repositoryURL = "https://github.com/firebase/firebase-ios-sdk";
			requirement = {
				kind = upToNextMajorVersion;
				minimumVersion = 11.1.0;
			};
		};
/* End XCRemoteSwiftPackageReference section */

/* Begin XCSwiftPackageProductDependency section */
		00F7BE362C82216C00E0CB5C /* SwiftUIFontIcon */ = {
			isa = XCSwiftPackageProductDependency;
			package = 00F7BE352C82216B00E0CB5C /* XCRemoteSwiftPackageReference "SwiftUIFontIcon" */;
			productName = SwiftUIFontIcon;
		};
		00F7BE452C835AF600E0CB5C /* FirebaseAuth */ = {
			isa = XCSwiftPackageProductDependency;
			package = 00F7BE442C835AF600E0CB5C /* XCRemoteSwiftPackageReference "firebase-ios-sdk" */;
			productName = FirebaseAuth;
		};
		00F7BE472C835AF600E0CB5C /* FirebaseFirestore */ = {
			isa = XCSwiftPackageProductDependency;
			package = 00F7BE442C835AF600E0CB5C /* XCRemoteSwiftPackageReference "firebase-ios-sdk" */;
			productName = FirebaseFirestore;
		};
		00F7BE492C835AF600E0CB5C /* FirebaseStorage */ = {
			isa = XCSwiftPackageProductDependency;
			package = 00F7BE442C835AF600E0CB5C /* XCRemoteSwiftPackageReference "firebase-ios-sdk" */;
			productName = FirebaseStorage;
		};
/* End XCSwiftPackageProductDependency section */
	};
	rootObject = 006EB1882C7F804C00A63EAA /* Project object */;
}
